
Microsoft Visual Studio Solution File, Format Version 12.00
# Visual Studio Version 17
VisualStudioVersion = 17.8.34601.278
MinimumVisualStudioVersion = 10.0.40219.1
Project("{FAE04EC0-301F-11D3-BF4B-00C04F79EFBC}") = "Encrypt_Decrypt", "Encrypt_Decrypt\Encrypt_Decrypt.csproj", "{EB799C8D-D2DF-4A11-8B5C-849DCECCA193}"
EndProject
Global
	GlobalSection(SolutionConfigurationPlatforms) = preSolution
		Debug|Any CPU = Debug|Any CPU
		Release|Any CPU = Release|Any CPU
	EndGlobalSection
	GlobalSection(ProjectConfigurationPlatforms) = postSolution
		{EB799C8D-D2DF-4A11-8B5C-849DCECCA193}.Debug|Any CPU.ActiveCfg = Debug|Any CPU
		{EB799C8D-D2DF-4A11-8B5C-849DCECCA193}.Debug|Any CPU.Build.0 = Debug|Any CPU
		{EB799C8D-D2DF-4A11-8B5C-849DCECCA193}.Release|Any CPU.ActiveCfg = Release|Any CPU
		{EB799C8D-D2DF-4A11-8B5C-849DCECCA193}.Release|Any CPU.Build.0 = Release|Any CPU
	EndGlobalSection
	GlobalSection(SolutionProperties) = preSolution
		HideSolutionNode = FALSE
	EndGlobalSection
	GlobalSection(ExtensibilityGlobals) = postSolution
		SolutionGuid = {5B00E529-CFE8-40EE-B410-02B00FC3B759}
	EndGlobalSection
EndGlobal
